<?xml version="1.0" encoding="utf-8"?>
<Project ToolsVersion="4.0" xmlns="http://schemas.microsoft.com/developer/msbuild/2003">
  <ItemGroup>
    <Filter Include="Source Files">
      <UniqueIdentifier>{4FC737F1-C7A5-4376-A066-2A32D752A2FF}</UniqueIdentifier>
      <Extensions>cpp;c;cc;cxx;def;odl;idl;hpj;bat;asm;asmx</Extensions>
    </Filter>
    <Filter Include="Header Files">
      <UniqueIdentifier>{93995380-89BD-4b04-88EB-625FBE52EBFB}</UniqueIdentifier>
      <Extensions>h;hpp;hxx;hm;inl;inc;xsd</Extensions>
    </Filter>
    <Filter Include="Resource Files">
      <UniqueIdentifier>{67DA6AB6-F800-4c08-8B7A-83BB121AAD01}</UniqueIdentifier>
      <Extensions>rc;ico;cur;bmp;dlg;rc2;rct;bin;rgs;gif;jpg;jpeg;jpe;resx;tiff;tif;png;wav;mfcribbon-ms</Extensions>
    </Filter>
  </ItemGroup>
  <ItemGroup>
    <None Include="ReadMe.txt" />
    <None Include="app.ico">
      <Filter>Resource Files</Filter>
    </None>
  </ItemGroup>
  <ItemGroup>
    <ClCompile Include="WindowsFormApplication1.cpp">
      <Filter>Source Files</Filter>
    </ClCompile>
    <ClCompile Include="AssemblyInfo.cpp">
      <Filter>Source Files</Filter>
    </ClCompile>
    <ClCompile Include="stdafx.cpp">
      <Filter>Source Files</Filter>
    </ClCompile>
    <ClCompile Include="Form2.cpp">
      <Filter>Source Files</Filter>
    </ClCompile>
    <ClCompile Include="Ceremonialny miecz Deithwen.cpp">
      <Filter>Source Files</Filter>
    </ClCompile>
    <ClCompile Include="Ard%27aenye.cpp">
      <Filter>Source Files</Filter>
    </ClCompile>
    <ClCompile Include="D%27yaebl.cpp">
      <Filter>Source Files</Filter>
    </ClCompile>
    <ClCompile Include="Elfi miecz z Niebieskich Gór.cpp">
      <Filter>Source Files</Filter>
    </ClCompile>
    <ClCompile Include="G%27valchir mahakamski runiczny Sihill.cpp">
      <Filter>Source Files</Filter>
    </ClCompile>
    <ClCompile Include="Gwalhir.cpp">
      <Filter>Source Files</Filter>
    </ClCompile>
    <ClCompile Include="Harvall.cpp">
      <Filter>Header Files</Filter>
    </ClCompile>
    <ClCompile Include="Miecz z meteorytowej stali 1.cpp">
      <Filter>Source Files</Filter>
    </ClCompile>
    <ClCompile Include="Miecz z meteorytowej stali 2.cpp">
      <Filter>Source Files</Filter>
    </ClCompile>
    <ClCompile Include="Miecz z meteorytowej stali 3.cpp">
      <Filter>Source Files</Filter>
    </ClCompile>
    <ClCompile Include="Miecz z metorytowej stali 4.cpp">
      <Filter>Source Files</Filter>
    </ClCompile>
    <ClCompile Include="Miecz z meteorytowej stali 5.cpp">
      <Filter>Source Files</Filter>
    </ClCompile>
    <ClCompile Include="Miecz z meteorytowej stali 6.cpp">
      <Filter>Source Files</Filter>
    </ClCompile>
    <ClCompile Include="Miecz z meteorytowej stali 7.cpp">
      <Filter>Header Files</Filter>
    </ClCompile>
    <ClCompile Include="Miecz z meteorytowej stali 8.cpp">
      <Filter>Header Files</Filter>
    </ClCompile>
    <ClCompile Include="Miecz z meteorytowej stali 9.cpp">
      <Filter>Source Files</Filter>
    </ClCompile>
    <ClCompile Include="Miecz z meteorytowej stali 10.cpp">
      <Filter>Header Files</Filter>
    </ClCompile>
    <ClCompile Include="Miecz Zakonu.cpp">
      <Filter>Header Files</Filter>
    </ClCompile>
    <ClCompile Include="Nielegalny miecz.cpp">
      <Filter>Header Files</Filter>
    </ClCompile>
    <ClCompile Include="Runiczny miecz z Dol Blathanna.cpp">
      <Filter>Header Files</Filter>
    </ClCompile>
    <ClCompile Include="Święty miecz Zakonu.cpp">
      <Filter>Header Files</Filter>
    </ClCompile>
    <ClCompile Include="Temerski miecz stalowy.cpp">
      <Filter>Header Files</Filter>
    </ClCompile>
    <ClCompile Include="Wiedźmiński miecz stalowy.cpp">
      <Filter>Header Files</Filter>
    </ClCompile>
    <ClCompile Include="Zardzewiały miecz.cpp">
      <Filter>Header Files</Filter>
    </ClCompile>
    <ClCompile Include="Aerondight.cpp">
      <Filter>Source Files</Filter>
    </ClCompile>
    <ClCompile Include="Księżycowe ostrze.cpp">
      <Filter>Source Files</Filter>
    </ClCompile>
    <ClCompile Include="Runiczny miecz 1.cpp">
      <Filter>Header Files</Filter>
    </ClCompile>
    <ClCompile Include="Runiczny miecz 2h.cpp">
      <Filter>Header Files</Filter>
    </ClCompile>
    <ClCompile Include="Wiedźmiński srebrny miecz.cpp">
      <Filter>Header Files</Filter>
    </ClCompile>
    <ClCompile Include="Buława łańcuchowa.cpp">
      <Filter>Header Files</Filter>
    </ClCompile>
    <ClCompile Include="Mahakamski młot bojowy.cpp">
      <Filter>Header Files</Filter>
    </ClCompile>
    <ClCompile Include="Młot bojowy zmutowanego rycerza.cpp">
      <Filter>Header Files</Filter>
    </ClCompile>
    <ClCompile Include="Pochodnia.cpp">
      <Filter>Source Files</Filter>
    </ClCompile>
    <ClCompile Include="Święty młot bojowy Zakonu.cpp">
      <Filter>Source Files</Filter>
    </ClCompile>
    <ClCompile Include="Krasnoludzki topór z Góry Carbon.cpp">
      <Filter>Source Files</Filter>
    </ClCompile>
    <ClCompile Include="Mahakamski topór dwuręczny.cpp">
      <Filter>Source Files</Filter>
    </ClCompile>
    <ClCompile Include="Siekiera.cpp">
      <Filter>Source Files</Filter>
    </ClCompile>
    <ClCompile Include="Święty topór Zakonu.cpp">
      <Filter>Source Files</Filter>
    </ClCompile>
  </ItemGroup>
  <ItemGroup>
    <ClInclude Include="Form1.h">
      <Filter>Header Files</Filter>
    </ClInclude>
    <ClInclude Include="stdafx.h">
      <Filter>Header Files</Filter>
    </ClInclude>
    <ClInclude Include="resource.h">
      <Filter>Header Files</Filter>
    </ClInclude>
    <ClInclude Include="Form2.h">
      <Filter>Header Files</Filter>
    </ClInclude>
    <ClInclude Include="Ceremonialny miecz Deithwen.h">
      <Filter>Header Files</Filter>
    </ClInclude>
    <ClInclude Include="Ard%27aenye.h">
      <Filter>Header Files</Filter>
    </ClInclude>
    <ClInclude Include="D%27yaebl.h">
      <Filter>Header Files</Filter>
    </ClInclude>
    <ClInclude Include="Elfi miecz z Niebieskich Gór.h">
      <Filter>Header Files</Filter>
    </ClInclude>
    <ClInclude Include="G%27valchir mahakamski runiczny Sihill.h">
      <Filter>Header Files</Filter>
    </ClInclude>
    <ClInclude Include="Gwalhir.h">
      <Filter>Header Files</Filter>
    </ClInclude>
    <ClInclude Include="Harvall.h">
      <Filter>Header Files</Filter>
    </ClInclude>
    <ClInclude Include="Miecz z meteorytowej stali 1.h">
      <Filter>Header Files</Filter>
    </ClInclude>
    <ClInclude Include="Miecz z meteorytowej stali 2.h">
      <Filter>Header Files</Filter>
    </ClInclude>
    <ClInclude Include="Miecz z meteorytowej stali 3.h">
      <Filter>Header Files</Filter>
    </ClInclude>
    <ClInclude Include="Miecz z metorytowej stali 4.h">
      <Filter>Header Files</Filter>
    </ClInclude>
    <ClInclude Include="Miecz z meteorytowej stali 5.h">
      <Filter>Header Files</Filter>
    </ClInclude>
    <ClInclude Include="Miecz z meteorytowej stali 6.h">
      <Filter>Header Files</Filter>
    </ClInclude>
    <ClInclude Include="Miecz z meteorytowej stali 7.h">
      <Filter>Header Files</Filter>
    </ClInclude>
    <ClInclude Include="Miecz z meteorytowej stali 8.h">
      <Filter>Header Files</Filter>
    </ClInclude>
    <ClInclude Include="Miecz z meteorytowej stali 9.h">
      <Filter>Header Files</Filter>
    </ClInclude>
    <ClInclude Include="Miecz z meteorytowej stali 10.h">
      <Filter>Header Files</Filter>
    </ClInclude>
    <ClInclude Include="Miecz Zakonu.h">
      <Filter>Header Files</Filter>
    </ClInclude>
    <ClInclude Include="Nielegalny miecz.h">
      <Filter>Header Files</Filter>
    </ClInclude>
    <ClInclude Include="Runiczny miecz z Dol Blathanna.h">
      <Filter>Header Files</Filter>
    </ClInclude>
    <ClInclude Include="Święty miecz Zakonu.h">
      <Filter>Header Files</Filter>
    </ClInclude>
    <ClInclude Include="Temerski miecz stalowy.h">
      <Filter>Header Files</Filter>
    </ClInclude>
    <ClInclude Include="Wiedźmiński miecz stalowy.h">
      <Filter>Header Files</Filter>
    </ClInclude>
    <ClInclude Include="Zardzewiały miecz.h">
      <Filter>Header Files</Filter>
    </ClInclude>
    <ClInclude Include="Aerondight.h">
      <Filter>Header Files</Filter>
    </ClInclude>
    <ClInclude Include="Księżycowe ostrze.h">
      <Filter>Header Files</Filter>
    </ClInclude>
    <ClInclude Include="Runiczny miecz 1.h">
      <Filter>Header Files</Filter>
    </ClInclude>
    <ClInclude Include="Runiczny miecz 2h.h">
      <Filter>Header Files</Filter>
    </ClInclude>
    <ClInclude Include="Wiedźmiński srebrny miecz.h">
      <Filter>Header Files</Filter>
    </ClInclude>
    <ClInclude Include="Buława łańcuchowa.h">
      <Filter>Header Files</Filter>
    </ClInclude>
    <ClInclude Include="Mahakamski młot bojowy.h">
      <Filter>Header Files</Filter>
    </ClInclude>
    <ClInclude Include="Młot bojowy zmutowanego rycerza.h">
      <Filter>Header Files</Filter>
    </ClInclude>
    <ClInclude Include="Pochodnia.h">
      <Filter>Header Files</Filter>
    </ClInclude>
    <ClInclude Include="Święty młot bojowy Zakonu.h">
      <Filter>Header Files</Filter>
    </ClInclude>
    <ClInclude Include="Krasnoludzki topór z Góry Carbon.h">
      <Filter>Header Files</Filter>
    </ClInclude>
    <ClInclude Include="Mahakamski topór dwuręczny.h">
      <Filter>Header Files</Filter>
    </ClInclude>
    <ClInclude Include="Siekiera.h">
      <Filter>Header Files</Filter>
    </ClInclude>
    <ClInclude Include="Święty topór Zakonu.h">
      <Filter>Header Files</Filter>
    </ClInclude>
  </ItemGroup>
  <ItemGroup>
    <ResourceCompile Include="app.rc">
      <Filter>Resource Files</Filter>
    </ResourceCompile>
  </ItemGroup>
  <ItemGroup>
    <EmbeddedResource Include="Form1.resX">
      <Filter>Resource Files</Filter>
    </EmbeddedResource>
    <EmbeddedResource Include="Form2.resx">
      <Filter>Resource Files</Filter>
    </EmbeddedResource>
    <EmbeddedResource Include="Ard%27aenye.resx">
      <Filter>Resource Files</Filter>
    </EmbeddedResource>
    <EmbeddedResource Include="Ceremonialny miecz Deithwen.resx">
      <Filter>Resource Files</Filter>
    </EmbeddedResource>
    <EmbeddedResource Include="D%27yaebl.resx">
      <Filter>Resource Files</Filter>
    </EmbeddedResource>
  </ItemGroup>
  <ItemGroup>
    <Image Include="Grafika\Miecze stalowe\ardaenye.png">
      <Filter>Resource Files</Filter>
    </Image>
    <Image Include="Grafika\Miecze stalowe\ceremonialny_miecz_deithwen.png">
      <Filter>Resource Files</Filter>
    </Image>
  </ItemGroup>
</Project>